// !$*UTF8*$!
{
	archiveVersion = 1;
	classes = {
	};
	objectVersion = 48;
	objects = {

/* Begin PBXBuildFile section */
		52695E92205660D4009EA7FB /* AppDelegate.swift in Sources */ = {isa = PBXBuildFile; fileRef = 52695E91205660D4009EA7FB /* AppDelegate.swift */; };
		52695E94205660D4009EA7FB /* FeaturedAppsController.swift in Sources */ = {isa = PBXBuildFile; fileRef = 52695E93205660D4009EA7FB /* FeaturedAppsController.swift */; };
		52695E97205660D4009EA7FB /* Main.storyboard in Resources */ = {isa = PBXBuildFile; fileRef = 52695E95205660D4009EA7FB /* Main.storyboard */; };
		52695E99205660D4009EA7FB /* Assets.xcassets in Resources */ = {isa = PBXBuildFile; fileRef = 52695E98205660D4009EA7FB /* Assets.xcassets */; };
		52695E9C205660D4009EA7FB /* LaunchScreen.storyboard in Resources */ = {isa = PBXBuildFile; fileRef = 52695E9A205660D4009EA7FB /* LaunchScreen.storyboard */; };
		52695EA420566528009EA7FB /* CategoryCell.swift in Sources */ = {isa = PBXBuildFile; fileRef = 52695EA320566528009EA7FB /* CategoryCell.swift */; };
		52695EA62056C1A0009EA7FB /* amazon.png in Resources */ = {isa = PBXBuildFile; fileRef = 52695EA52056C1A0009EA7FB /* amazon.png */; };
/* End PBXBuildFile section */

/* Begin PBXFileReference section */
		52695E8E205660D4009EA7FB /* AppStoreLayout.app */ = {isa = PBXFileReference; explicitFileType = wrapper.application; includeInIndex = 0; path = AppStoreLayout.app; sourceTree = BUILT_PRODUCTS_DIR; };
		52695E91205660D4009EA7FB /* AppDelegate.swift */ = {isa = PBXFileReference; lastKnownFileType = sourcecode.swift; path = AppDelegate.swift; sourceTree = "<group>"; };
		52695E93205660D4009EA7FB /* FeaturedAppsController.swift */ = {isa = PBXFileReference; lastKnownFileType = sourcecode.swift; path = FeaturedAppsController.swift; sourceTree = "<group>"; };
		52695E96205660D4009EA7FB /* Base */ = {isa = PBXFileReference; lastKnownFileType = file.storyboard; name = Base; path = Base.lproj/Main.storyboard; sourceTree = "<group>"; };
		52695E98205660D4009EA7FB /* Assets.xcassets */ = {isa = PBXFileReference; lastKnownFileType = folder.assetcatalog; path = Assets.xcassets; sourceTree = "<group>"; };
		52695E9B205660D4009EA7FB /* Base */ = {isa = PBXFileReference; lastKnownFileType = file.storyboard; name = Base; path = Base.lproj/LaunchScreen.storyboard; sourceTree = "<group>"; };
		52695E9D205660D4009EA7FB /* Info.plist */ = {isa = PBXFileReference; lastKnownFileType = text.plist.xml; path = Info.plist; sourceTree = "<group>"; };
		52695EA320566528009EA7FB /* CategoryCell.swift */ = {isa = PBXFileReference; lastKnownFileType = sourcecode.swift; path = CategoryCell.swift; sourceTree = "<group>"; };
		52695EA52056C1A0009EA7FB /* amazon.png */ = {isa = PBXFileReference; lastKnownFileType = image.png; path = amazon.png; sourceTree = "<group>"; };
/* End PBXFileReference section */

/* Begin PBXFrameworksBuildPhase section */
		52695E8B205660D4009EA7FB /* Frameworks */ = {
			isa = PBXFrameworksBuildPhase;
			buildActionMask = 2147483647;
			files = (
			);
			runOnlyForDeploymentPostprocessing = 0;
		};
/* End PBXFrameworksBuildPhase section */

/* Begin PBXGroup section */
		52695E85205660D4009EA7FB = {
			isa = PBXGroup;
			children = (
				52695E90205660D4009EA7FB /* AppStoreLayout */,
				52695E8F205660D4009EA7FB /* Products */,
			);
			sourceTree = "<group>";
		};
		52695E8F205660D4009EA7FB /* Products */ = {
			isa = PBXGroup;
			children = (
				52695E8E205660D4009EA7FB /* AppStoreLayout.app */,
			);
			name = Products;
			sourceTree = "<group>";
		};
		52695E90205660D4009EA7FB /* AppStoreLayout */ = {
			isa = PBXGroup;
			children = (
				52695EA52056C1A0009EA7FB /* amazon.png */,
				52695E91205660D4009EA7FB /* AppDelegate.swift */,
				52695E93205660D4009EA7FB /* FeaturedAppsController.swift */,
				52695E95205660D4009EA7FB /* Main.storyboard */,
				52695E98205660D4009EA7FB /* Assets.xcassets */,
				52695E9A205660D4009EA7FB /* LaunchScreen.storyboard */,
				52695E9D205660D4009EA7FB /* Info.plist */,
				52695EA320566528009EA7FB /* CategoryCell.swift */,
			);
			path = AppStoreLayout;
			sourceTree = "<group>";
		};
/* End PBXGroup section */

/* Begin PBXNativeTarget section */
		52695E8D205660D4009EA7FB /* AppStoreLayout */ = {
			isa = PBXNativeTarget;
			buildConfigurationList = 52695EA0205660D4009EA7FB /* Build configuration list for PBXNativeTarget "AppStoreLayout" */;
			buildPhases = (
				52695E8A205660D4009EA7FB /* Sources */,
				52695E8B205660D4009EA7FB /* Frameworks */,
				52695E8C205660D4009EA7FB /* Resources */,
			);
			buildRules = (
			);
			dependencies = (
			);
			name = AppStoreLayout;
			productName = AppStoreLayout;
			productReference = 52695E8E205660D4009EA7FB /* AppStoreLayout.app */;
			productType = "com.apple.product-type.application";
		};
/* End PBXNativeTarget section */

/* Begin PBXProject section */
		52695E86205660D4009EA7FB /* Project object */ = {
			isa = PBXProject;
			attributes = {
				LastSwiftUpdateCheck = 0920;
				LastUpgradeCheck = 0920;
				ORGANIZATIONNAME = MacBookPro;
				TargetAttributes = {
					52695E8D205660D4009EA7FB = {
						CreatedOnToolsVersion = 9.2;
						ProvisioningStyle = Automatic;
					};
				};
			};
			buildConfigurationList = 52695E89205660D4009EA7FB /* Build configuration list for PBXProject "AppStoreLayout" */;
			compatibilityVersion = "Xcode 8.0";
			developmentRegion = en;
			hasScannedForEncodings = 0;
			knownRegions = (
				en,
				Base,
			);
			mainGroup = 52695E85205660D4009EA7FB;
			productRefGroup = 52695E8F205660D4009EA7FB /* Products */;
			projectDirPath = "";
			projectRoot = "";
			targets = (
				52695E8D205660D4009EA7FB /* AppStoreLayout */,
			);
		};
/* End PBXProject section */

/* Begin PBXResourcesBuildPhase section */
		52695E8C205660D4009EA7FB /* Resources */ = {
			isa = PBXResourcesBuildPhase;
			buildActionMask = 2147483647;
			files = (
				52695E9C205660D4009EA7FB /* LaunchScreen.storyboard in Resources */,
				52695E99205660D4009EA7FB /* Assets.xcassets in Resources */,
				52695EA62056C1A0009EA7FB /* amazon.png in Resources */,
				52695E97205660D4009EA7FB /* Main.storyboard in Resources */,
			);
			runOnlyForDeploymentPostprocessing = 0;
		};
/* End PBXResourcesBuildPhase section */

/* Begin PBXSourcesBuildPhase section */
		52695E8A205660D4009EA7FB /* Sources */ = {
			isa = PBXSourcesBuildPhase;
			buildActionMask = 2147483647;
			files = (
				52695E94205660D4009EA7FB /* FeaturedAppsController.swift in Sources */,
				52695E92205660D4009EA7FB /* AppDelegate.swift in Sources */,
				52695EA420566528009EA7FB /* CategoryCell.swift in Sources */,
			);
			runOnlyForDeploymentPostprocessing = 0;
		};
/* End PBXSourcesBuildPhase section */

/* Begin PBXVariantGroup section */
		52695E95205660D4009EA7FB /* Main.storyboard */ = {
			isa = PBXVariantGroup;
			children = (
				52695E96205660D4009EA7FB /* Base */,
			);
			name = Main.storyboard;
			sourceTree = "<group>";
		};
		52695E9A205660D4009EA7FB /* LaunchScreen.storyboard */ = {
			isa = PBXVariantGroup;
			children = (
				52695E9B205660D4009EA7FB /* Base */,
			);
			name = LaunchScreen.storyboard;
			sourceTree = "<group>";
		};
/* End PBXVariantGroup section */

/* Begin XCBuildConfiguration section */
		52695E9E205660D4009EA7FB /* Debug */ = {
			isa = XCBuildConfiguration;
			buildSettings = {
				ALWAYS_SEARCH_USER_PATHS = NO;
				CLANG_ANALYZER_NONNULL = YES;
				CLANG_ANALYZER_NUMBER_OBJECT_CONVERSION = YES_AGGRESSIVE;
				CLANG_CXX_LANGUAGE_STANDARD = "gnu++14";
				CLANG_CXX_LIBRARY = "libc++";
				CLANG_ENABLE_MODULES = YES;
				CLANG_ENABLE_OBJC_ARC = YES;
				CLANG_WARN_BLOCK_CAPTURE_AUTORELEASING = YES;
				CLANG_WARN_BOOL_CONVERSION = YES;
				CLANG_WARN_COMMA = YES;
				CLANG_WARN_CONSTANT_CONVERSION = YES;
				CLANG_WARN_DIRECT_OBJC_ISA_USAGE = YES_ERROR;
				CLANG_WARN_DOCUMENTATION_COMMENTS = YES;
				CLANG_WARN_EMPTY_BODY = YES;
				CLANG_WARN_ENUM_CONVERSION = YES;
				CLANG_WARN_INFINITE_RECURSION = YES;
				CLANG_WARN_INT_CONVERSION = YES;
				CLANG_WARN_NON_LITERAL_NULL_CONVERSION = YES;
				CLANG_WARN_OBJC_LITERAL_CONVERSION = YES;
				CLANG_WARN_OBJC_ROOT_CLASS = YES_ERROR;
				CLANG_WARN_RANGE_LOOP_ANALYSIS = YES;
				CLANG_WARN_STRICT_PROTOTYPES = YES;
				CLANG_WARN_SUSPICIOUS_MOVE = YES;
				CLANG_WARN_UNGUARDED_AVAILABILITY = YES_AGGRESSIVE;
				CLANG_WARN_UNREACHABLE_CODE = YES;
				CLANG_WARN__DUPLICATE_METHOD_MATCH = YES;
				CODE_SIGN_IDENTITY = "iPhone Developer";
				COPY_PHASE_STRIP = NO;
				DEBUG_INFORMATION_FORMAT = dwarf;
				ENABLE_STRICT_OBJC_MSGSEND = YES;
				ENABLE_TESTABILITY = YES;
				GCC_C_LANGUAGE_STANDARD = gnu11;
				GCC_DYNAMIC_NO_PIC = NO;
				GCC_NO_COMMON_BLOCKS = YES;
				GCC_OPTIMIZATION_LEVEL = 0;
				GCC_PREPROCESSOR_DEFINITIONS = (
					"DEBUG=1",
					"$(inherited)",
				);
				GCC_WARN_64_TO_32_BIT_CONVERSION = YES;
				GCC_WARN_ABOUT_RETURN_TYPE = YES_ERROR;
				GCC_WARN_UNDECLARED_SELECTOR = YES;
				GCC_WARN_UNINITIALIZED_AUTOS = YES_AGGRESSIVE;
				GCC_WARN_UNUSED_FUNCTION = YES;
				GCC_WARN_UNUSED_VARIABLE = YES;
				IPHONEOS_DEPLOYMENT_TARGET = 11.2;
				MTL_ENABLE_DEBUG_INFO = YES;
				ONLY_ACTIVE_ARCH = YES;
				SDKROOT = iphoneos;
				SWIFT_ACTIVE_COMPILATION_CONDITIONS = DEBUG;
				SWIFT_OPTIMIZATION_LEVEL = "-Onone";
			};
			name = Debug;
		};
		52695E9F205660D4009EA7FB /* Release */ = {
			isa = XCBuildConfiguration;
			buildSettings = {
				ALWAYS_SEARCH_USER_PATHS = NO;
				CLANG_ANALYZER_NONNULL = YES;
				CLANG_ANALYZER_NUMBER_OBJECT_CONVERSION = YES_AGGRESSIVE;
				CLANG_CXX_LANGUAGE_STANDARD = "gnu++14";
				CLANG_CXX_LIBRARY = "libc++";
				CLANG_ENABLE_MODULES = YES;
				CLANG_ENABLE_OBJC_ARC = YES;
				CLANG_WARN_BLOCK_CAPTURE_AUTORELEASING = YES;
				CLANG_WARN_BOOL_CONVERSION = YES;
				CLANG_WARN_COMMA = YES;
				CLANG_WARN_CONSTANT_CONVERSION = YES;
				CLANG_WARN_DIRECT_OBJC_ISA_USAGE = YES_ERROR;
				CLANG_WARN_DOCUMENTATION_COMMENTS = YES;
				CLANG_WARN_EMPTY_BODY = YES;
				CLANG_WARN_ENUM_CONVERSION = YES;
				CLANG_WARN_INFINITE_RECURSION = YES;
				CLANG_WARN_INT_CONVERSION = YES;
				CLANG_WARN_NON_LITERAL_NULL_CONVERSION = YES;
				CLANG_WARN_OBJC_LITERAL_CONVERSION = YES;
				CLANG_WARN_OBJC_ROOT_CLASS = YES_ERROR;
				CLANG_WARN_RANGE_LOOP_ANALYSIS = YES;
				CLANG_WARN_STRICT_PROTOTYPES = YES;
				CLANG_WARN_SUSPICIOUS_MOVE = YES;
				CLANG_WARN_UNGUARDED_AVAILABILITY = YES_AGGRESSIVE;
				CLANG_WARN_UNREACHABLE_CODE = YES;
				CLANG_WARN__DUPLICATE_METHOD_MATCH = YES;
				CODE_SIGN_IDENTITY = "iPhone Developer";
				COPY_PHASE_STRIP = NO;
				DEBUG_INFORMATION_FORMAT = "dwarf-with-dsym";
				ENABLE_NS_ASSERTIONS = NO;
				ENABLE_STRICT_OBJC_MSGSEND = YES;
				GCC_C_LANGUAGE_STANDARD = gnu11;
				GCC_NO_COMMON_BLOCKS = YES;
				GCC_WARN_64_TO_32_BIT_CONVERSION = YES;
				GCC_WARN_ABOUT_RETURN_TYPE = YES_ERROR;
				GCC_WARN_UNDECLARED_SELECTOR = YES;
				GCC_WARN_UNINITIALIZED_AUTOS = YES_AGGRESSIVE;
				GCC_WARN_UNUSED_FUNCTION = YES;
				GCC_WARN_UNUSED_VARIABLE = YES;
				IPHONEOS_DEPLOYMENT_TARGET = 11.2;
				MTL_ENABLE_DEBUG_INFO = NO;
				SDKROOT = iphoneos;
				SWIFT_OPTIMIZATION_LEVEL = "-Owholemodule";
				VALIDATE_PRODUCT = YES;
			};
			name = Release;
		};
		52695EA1205660D4009EA7FB /* Debug */ = {
			isa = XCBuildConfiguration;
			buildSettings = {
				ASSETCATALOG_COMPILER_APPICON_NAME = AppIcon;
				CODE_SIGN_STYLE = Automatic;
				DEVELOPMENT_TEAM = 3HFR2QP3B2;
				INFOPLIST_FILE = AppStoreLayout/Info.plist;
				LD_RUNPATH_SEARCH_PATHS = "$(inherited) @executable_path/Frameworks";
				PRODUCT_BUNDLE_IDENTIFIER = com.happy.AppStoreLayout;
				PRODUCT_NAME = "$(TARGET_NAME)";
				SWIFT_VERSION = 4.0;
				TARGETED_DEVICE_FAMILY = "1,2";
			};
			name = Debug;
		};
		52695EA2205660D4009EA7FB /* Release */ = {
			isa = XCBuildConfiguration;
			buildSettings = {
				ASSETCATALOG_COMPILER_APPICON_NAME = AppIcon;
				CODE_SIGN_STYLE = Automatic;
				DEVELOPMENT_TEAM = 3HFR2QP3B2;
				INFOPLIST_FILE = AppStoreLayout/Info.plist;
				LD_RUNPATH_SEARCH_PATHS = "$(inherited) @executable_path/Frameworks";
				PRODUCT_BUNDLE_IDENTIFIER = com.happy.AppStoreLayout;
				PRODUCT_NAME = "$(TARGET_NAME)";
				SWIFT_VERSION = 4.0;
				TARGETED_DEVICE_FAMILY = "1,2";
			};
			name = Release;
		};
/* End XCBuildConfiguration section */

/* Begin XCConfigurationList section */
		52695E89205660D4009EA7FB /* Build configuration list for PBXProject "AppStoreLayout" */ = {
			isa = XCConfigurationList;
			buildConfigurations = (
				52695E9E205660D4009EA7FB /* Debug */,
				52695E9F205660D4009EA7FB /* Release */,
			);
			defaultConfigurationIsVisible = 0;
			defaultConfigurationName = Release;
		};
		52695EA0205660D4009EA7FB /* Build configuration list for PBXNativeTarget "AppStoreLayout" */ = {
			isa = XCConfigurationList;
			buildConfigurations = (
				52695EA1205660D4009EA7FB /* Debug */,
				52695EA2205660D4009EA7FB /* Release */,
			);
			defaultConfigurationIsVisible = 0;
			defaultConfigurationName = Release;
		};
/* End XCConfigurationList section */
	};
	rootObject = 52695E86205660D4009EA7FB /* Project object */;
}
